# THIS IS AN AUTOGENERATED FILE. DO NOT EDIT THIS FILE DIRECTLY.
# yarn lockfile v1


"@chili-publish/studio-connectors@file:../studio-sdk/packages/connectors/chili-publish-studio-connectors-v1.0.0.tgz":
  version "1.0.0"
  resolved "file:../studio-sdk/packages/connectors/chili-publish-studio-connectors-v1.0.0.tgz#6ebfebffe5cbb7cf3f619c8c96afdeaad0d24805"
